
Microsoft Visual Studio Solution File, Format Version 12.00
# Visual Studio Version 16
VisualStudioVersion = 16.0.31205.134
MinimumVisualStudioVersion = 10.0.40219.1
Project("{FAE04EC0-301F-11D3-BF4B-00C04F79EFBC}") = "DataGang", "DataGang\DataGang.csproj", "{651B28DF-7429-4631-AF97-7F614843DE01}"
EndProject
Global
	GlobalSection(SolutionConfigurationPlatforms) = preSolution
		Debug|Any CPU = Debug|Any CPU
		Release|Any CPU = Release|Any CPU
	EndGlobalSection
	GlobalSection(ProjectConfigurationPlatforms) = postSolution
		{651B28DF-7429-4631-AF97-7F614843DE01}.Debug|Any CPU.ActiveCfg = Debug|Any CPU
		{651B28DF-7429-4631-AF97-7F614843DE01}.Debug|Any CPU.Build.0 = Debug|Any CPU
		{651B28DF-7429-4631-AF97-7F614843DE01}.Release|Any CPU.ActiveCfg = Release|Any CPU
		{651B28DF-7429-4631-AF97-7F614843DE01}.Release|Any CPU.Build.0 = Release|Any CPU
	EndGlobalSection
	GlobalSection(SolutionProperties) = preSolution
		HideSolutionNode = FALSE
	EndGlobalSection
	GlobalSection(ExtensibilityGlobals) = postSolution
		SolutionGuid = {63ABDBB2-6AEA-4F05-83F5-C6785E3C6F26}
	EndGlobalSection
EndGlobal
